// !$*UTF8*$!
{
	archiveVersion = 1;
	classes = {
	};
	objectVersion = 51;
	objects = {

/* Begin PBXBuildFile section */
		182F46FA244968C300D1730B /* SignViewController.storyboard in Resources */ = {isa = PBXBuildFile; fileRef = 182F46F9244968C300D1730B /* SignViewController.storyboard */; };
		182F46FC2449690400D1730B /* LaunchScreen.storyboard in Resources */ = {isa = PBXBuildFile; fileRef = 182F46FB2449690400D1730B /* LaunchScreen.storyboard */; };
		18404674245AD07E002C04C7 /* SignViewController.swift in Sources */ = {isa = PBXBuildFile; fileRef = 18404673245AD07E002C04C7 /* SignViewController.swift */; };
		185D2A172446C27800A09E99 /* AppDelegate.swift in Sources */ = {isa = PBXBuildFile; fileRef = 185D2A162446C27800A09E99 /* AppDelegate.swift */; };
		185D2A202446C27D00A09E99 /* Assets.xcassets in Resources */ = {isa = PBXBuildFile; fileRef = 185D2A1F2446C27D00A09E99 /* Assets.xcassets */; };
		185D2A2E2446C27E00A09E99 /* usoTests.swift in Sources */ = {isa = PBXBuildFile; fileRef = 185D2A2D2446C27E00A09E99 /* usoTests.swift */; };
		185D2A392446C27E00A09E99 /* UsoUITests.swift in Sources */ = {isa = PBXBuildFile; fileRef = 185D2A382446C27E00A09E99 /* UsoUITests.swift */; };
		185D2A502446C3E000A09E99 /* SignViewModel.swift in Sources */ = {isa = PBXBuildFile; fileRef = 185D2A4F2446C3E000A09E99 /* SignViewModel.swift */; };
		185D2A522446C3EB00A09E99 /* RootUseCase.swift in Sources */ = {isa = PBXBuildFile; fileRef = 185D2A512446C3EB00A09E99 /* RootUseCase.swift */; };
		185D2A542446C40000A09E99 /* Model.swift in Sources */ = {isa = PBXBuildFile; fileRef = 185D2A532446C40000A09E99 /* Model.swift */; };
		185D2A562446C49700A09E99 /* Repository.swift in Sources */ = {isa = PBXBuildFile; fileRef = 185D2A552446C49700A09E99 /* Repository.swift */; };
		185D2A582446C50F00A09E99 /* UsoError.swift in Sources */ = {isa = PBXBuildFile; fileRef = 185D2A572446C50F00A09E99 /* UsoError.swift */; };
		185D2A5A2446C54200A09E99 /* UIColorExtension.swift in Sources */ = {isa = PBXBuildFile; fileRef = 185D2A592446C54200A09E99 /* UIColorExtension.swift */; };
		185D2A5C2446C57100A09E99 /* UsoAPI.swift in Sources */ = {isa = PBXBuildFile; fileRef = 185D2A5B2446C57100A09E99 /* UsoAPI.swift */; };
		185D2A5F2446C7A900A09E99 /* ViewBindable.swift in Sources */ = {isa = PBXBuildFile; fileRef = 185D2A5E2446C7A900A09E99 /* ViewBindable.swift */; };
		185D2A612446C84600A09E99 /* MainCoordinator.swift in Sources */ = {isa = PBXBuildFile; fileRef = 185D2A602446C84600A09E99 /* MainCoordinator.swift */; };
		185D2A632446C86F00A09E99 /* Coordinator.swift in Sources */ = {isa = PBXBuildFile; fileRef = 185D2A622446C86F00A09E99 /* Coordinator.swift */; };
		185D2A652446C8B100A09E99 /* Storyboarded.swift in Sources */ = {isa = PBXBuildFile; fileRef = 185D2A642446C8B100A09E99 /* Storyboarded.swift */; };
		185F8D94244DD5A000F7BD79 /* SignViewModel.swift in Sources */ = {isa = PBXBuildFile; fileRef = 185D2A4F2446C3E000A09E99 /* SignViewModel.swift */; };
		185F8D95244DD5A100F7BD79 /* SignViewModel.swift in Sources */ = {isa = PBXBuildFile; fileRef = 185D2A4F2446C3E000A09E99 /* SignViewModel.swift */; };
		185F8D96244DD5A800F7BD79 /* RootUseCase.swift in Sources */ = {isa = PBXBuildFile; fileRef = 185D2A512446C3EB00A09E99 /* RootUseCase.swift */; };
		185F8D97244DD5A900F7BD79 /* RootUseCase.swift in Sources */ = {isa = PBXBuildFile; fileRef = 185D2A512446C3EB00A09E99 /* RootUseCase.swift */; };
		1861430324583F3A007151A0 /* HabitListViewModel.swift in Sources */ = {isa = PBXBuildFile; fileRef = 1861430224583F3A007151A0 /* HabitListViewModel.swift */; };
		1861430524583F49007151A0 /* RankingViewModel.swift in Sources */ = {isa = PBXBuildFile; fileRef = 1861430424583F49007151A0 /* RankingViewModel.swift */; };
		1861430724583F54007151A0 /* SettingViewModel.swift in Sources */ = {isa = PBXBuildFile; fileRef = 1861430624583F54007151A0 /* SettingViewModel.swift */; };
		1874820524612803004A40DE /* ResponseStatus.swift in Sources */ = {isa = PBXBuildFile; fileRef = 1874820424612803004A40DE /* ResponseStatus.swift */; };
		18748207246129E7004A40DE /* HabitItem.swift in Sources */ = {isa = PBXBuildFile; fileRef = 18748206246129E7004A40DE /* HabitItem.swift */; };
		18748209246129F0004A40DE /* Habit.swift in Sources */ = {isa = PBXBuildFile; fileRef = 18748208246129F0004A40DE /* Habit.swift */; };
		1874820C24612BC0004A40DE /* PlusButtonCell.swift in Sources */ = {isa = PBXBuildFile; fileRef = 1874820A24612BC0004A40DE /* PlusButtonCell.swift */; };
		1882372124579B33002C523E /* MainTabViewController.storyboard in Resources */ = {isa = PBXBuildFile; fileRef = 1882372024579B33002C523E /* MainTabViewController.storyboard */; };
		1882372524579CEE002C523E /* MainTabViewController.swift in Sources */ = {isa = PBXBuildFile; fileRef = 1882372424579CEE002C523E /* MainTabViewController.swift */; };
		1882372724579DDA002C523E /* HabitListViewController.swift in Sources */ = {isa = PBXBuildFile; fileRef = 1882372624579DDA002C523E /* HabitListViewController.swift */; };
		1882372B24579DFA002C523E /* RankingViewController.swift in Sources */ = {isa = PBXBuildFile; fileRef = 1882372A24579DFA002C523E /* RankingViewController.swift */; };
		1882372D24579E13002C523E /* RankingViewController.storyboard in Resources */ = {isa = PBXBuildFile; fileRef = 1882372C24579E13002C523E /* RankingViewController.storyboard */; };
		1882372F24579E23002C523E /* HabitListViewController.storyboard in Resources */ = {isa = PBXBuildFile; fileRef = 1882372E24579E23002C523E /* HabitListViewController.storyboard */; };
		18CB4FCD245AB81100FD6651 /* .swiftlint.yml in Resources */ = {isa = PBXBuildFile; fileRef = 18CB4FCC245AB81100FD6651 /* .swiftlint.yml */; };
		18F6663E24611B5400499CBC /* HabitListCell.swift in Sources */ = {isa = PBXBuildFile; fileRef = 18F6663C24611B5400499CBC /* HabitListCell.swift */; };
		18F6663F24611B5400499CBC /* HabitListCell.xib in Resources */ = {isa = PBXBuildFile; fileRef = 18F6663D24611B5400499CBC /* HabitListCell.xib */; };
		18F6664224611D9200499CBC /* ProfileCell.swift in Sources */ = {isa = PBXBuildFile; fileRef = 18F6664024611D9200499CBC /* ProfileCell.swift */; };
		18F6664324611D9200499CBC /* ProfileCell.xib in Resources */ = {isa = PBXBuildFile; fileRef = 18F6664124611D9200499CBC /* ProfileCell.xib */; };
		18F666452461244400499CBC /* HabitListUseCase.swift in Sources */ = {isa = PBXBuildFile; fileRef = 18F666442461244400499CBC /* HabitListUseCase.swift */; };
		3854F5C9248A440B00AD0DAF /* User.swift in Sources */ = {isa = PBXBuildFile; fileRef = 3854F5C8248A440B00AD0DAF /* User.swift */; };
		3854F5CB248A447D00AD0DAF /* UserAPI.swift in Sources */ = {isa = PBXBuildFile; fileRef = 3854F5CA248A447D00AD0DAF /* UserAPI.swift */; };
		3859DDE0245D5EA400C799BF /* RankingUseCase.swift in Sources */ = {isa = PBXBuildFile; fileRef = 3859DDDF245D5EA400C799BF /* RankingUseCase.swift */; };
		387B599924B96F8800FDD7DC /* AddHabitAPI.swift in Sources */ = {isa = PBXBuildFile; fileRef = 387B599824B96F8800FDD7DC /* AddHabitAPI.swift */; };
		387D124A248A1397005B0C05 /* SettingItemTableViewCell.swift in Sources */ = {isa = PBXBuildFile; fileRef = 387D1244248A1396005B0C05 /* SettingItemTableViewCell.swift */; };
		387D124E248A1397005B0C05 /* SettingItemTableViewCell.xib in Resources */ = {isa = PBXBuildFile; fileRef = 387D1248248A1397005B0C05 /* SettingItemTableViewCell.xib */; };
		388BDAA524BDBE2200E8796E /* MySettingTableViewCell.swift in Sources */ = {isa = PBXBuildFile; fileRef = 388BDAA324BDBE2200E8796E /* MySettingTableViewCell.swift */; };
		388BDAA624BDBE2200E8796E /* MySettingTableViewCell.xib in Resources */ = {isa = PBXBuildFile; fileRef = 388BDAA424BDBE2200E8796E /* MySettingTableViewCell.xib */; };
		388F7A9F248A292E00A9E123 /* SettingViewController.swift in Sources */ = {isa = PBXBuildFile; fileRef = 388F7A9E248A292E00A9E123 /* SettingViewController.swift */; };
		388F7AA1248A297C00A9E123 /* Ranking.swift in Sources */ = {isa = PBXBuildFile; fileRef = 388F7AA0248A297C00A9E123 /* Ranking.swift */; };
		388F7AA3248A29A100A9E123 /* MoyaAPI.swift in Sources */ = {isa = PBXBuildFile; fileRef = 388F7AA2248A29A100A9E123 /* MoyaAPI.swift */; };
		388F7AA5248A2A6600A9E123 /* CALayer+Border.swift in Sources */ = {isa = PBXBuildFile; fileRef = 388F7AA4248A2A6600A9E123 /* CALayer+Border.swift */; };
		388F7AAD248A322C00A9E123 /* SettingViewController.storyboard in Resources */ = {isa = PBXBuildFile; fileRef = 388F7AAC248A322C00A9E123 /* SettingViewController.storyboard */; };
		38A3E86224A731480097E7FA /* RankingRepository.swift in Sources */ = {isa = PBXBuildFile; fileRef = 38A3E86124A731480097E7FA /* RankingRepository.swift */; };
		38A3E86424A731A30097E7FA /* ViewModelType.swift in Sources */ = {isa = PBXBuildFile; fileRef = 38A3E86324A731A30097E7FA /* ViewModelType.swift */; };
		38E70E0924B2108100C1721D /* RankingItemTableViewCell.xib in Resources */ = {isa = PBXBuildFile; fileRef = 387D1249248A1397005B0C05 /* RankingItemTableViewCell.xib */; };
		38E70E0A24B2108400C1721D /* MyRankingTableViewCell.xib in Resources */ = {isa = PBXBuildFile; fileRef = 387D1247248A1396005B0C05 /* MyRankingTableViewCell.xib */; };
		9C07E6EC2467CFD400F87838 /* PlusButtonCell.xib in Resources */ = {isa = PBXBuildFile; fileRef = 9C07E6EB2467CFD400F87838 /* PlusButtonCell.xib */; };
		9C2275FD246FAAFC00DF5911 /* BakeryRepository.swift in Sources */ = {isa = PBXBuildFile; fileRef = 9C2275FC246FAAFC00DF5911 /* BakeryRepository.swift */; };
		9C2275FF246FAB3A00DF5911 /* HabitAddRepsitory.swift in Sources */ = {isa = PBXBuildFile; fileRef = 9C2275FE246FAB3A00DF5911 /* HabitAddRepsitory.swift */; };
		9C227601246FAD3400DF5911 /* HabitAddViewController.swift in Sources */ = {isa = PBXBuildFile; fileRef = 9C227600246FAD3400DF5911 /* HabitAddViewController.swift */; };
		9C227603246FAD4400DF5911 /* BakeryViewController.swift in Sources */ = {isa = PBXBuildFile; fileRef = 9C227602246FAD4400DF5911 /* BakeryViewController.swift */; };
		9C227605246FAD5900DF5911 /* HabitAddViewController.storyboard in Resources */ = {isa = PBXBuildFile; fileRef = 9C227604246FAD5900DF5911 /* HabitAddViewController.storyboard */; };
		9C227607246FAD6A00DF5911 /* BakeryViewController.storyboard in Resources */ = {isa = PBXBuildFile; fileRef = 9C227606246FAD6A00DF5911 /* BakeryViewController.storyboard */; };
		9C7B4B3124713A68007B21DA /* HabitAPI.swift in Sources */ = {isa = PBXBuildFile; fileRef = 9C7B4B3024713A68007B21DA /* HabitAPI.swift */; };
		9C7B4B3424713B37007B21DA /* RankingAPI.swift in Sources */ = {isa = PBXBuildFile; fileRef = 9C7B4B3324713B37007B21DA /* RankingAPI.swift */; };
		9C7B4B362471429E007B21DA /* Moya+Plugin.swift in Sources */ = {isa = PBXBuildFile; fileRef = 9C7B4B352471429E007B21DA /* Moya+Plugin.swift */; };
		9C910CB024A704780018E16B /* AddHabitCell.swift in Sources */ = {isa = PBXBuildFile; fileRef = 9C910CAE24A704780018E16B /* AddHabitCell.swift */; };
		9C910CB124A704780018E16B /* AddHabitCell.xib in Resources */ = {isa = PBXBuildFile; fileRef = 9C910CAF24A704780018E16B /* AddHabitCell.xib */; };
		9CA8AD2E2489F55600859CA6 /* PopUp.swift in Sources */ = {isa = PBXBuildFile; fileRef = 9CA8AD2D2489F55600859CA6 /* PopUp.swift */; };
		9CA8AD312489F61A00859CA6 /* HabitDetailViewController.swift in Sources */ = {isa = PBXBuildFile; fileRef = 9CA8AD302489F61900859CA6 /* HabitDetailViewController.swift */; };
		9CA8AD332489F63E00859CA6 /* HabitDetailViewController.storyboard in Resources */ = {isa = PBXBuildFile; fileRef = 9CA8AD322489F63E00859CA6 /* HabitDetailViewController.storyboard */; };
		9CBAEC8424B1FCD200A547CF /* HabitDetailViewModel.swift in Sources */ = {isa = PBXBuildFile; fileRef = 9CBAEC8324B1FCD200A547CF /* HabitDetailViewModel.swift */; };
		9CBAEC8524B200E800A547CF /* MyRankingTableViewCell.swift in Sources */ = {isa = PBXBuildFile; fileRef = 387D1245248A1396005B0C05 /* MyRankingTableViewCell.swift */; };
		9CBAEC8624B200F400A547CF /* RankingItemTableViewCell.swift in Sources */ = {isa = PBXBuildFile; fileRef = 387D1246248A1396005B0C05 /* RankingItemTableViewCell.swift */; };
		9CE11BD0247A290D00F6EAC1 /* IndicatorView.swift in Sources */ = {isa = PBXBuildFile; fileRef = 9CE11BCF247A290D00F6EAC1 /* IndicatorView.swift */; };
		9CE11BD2247A296F00F6EAC1 /* Constants.swift in Sources */ = {isa = PBXBuildFile; fileRef = 9CE11BD1247A296F00F6EAC1 /* Constants.swift */; };
		9CE11BD4247A2CC900F6EAC1 /* UIViewExtension.swift in Sources */ = {isa = PBXBuildFile; fileRef = 9CE11BD3247A2CC900F6EAC1 /* UIViewExtension.swift */; };
		A69E93138987A0D7DEAE2895 /* Pods_uso_usoUITests.framework in Frameworks */ = {isa = PBXBuildFile; fileRef = 6130EF413695622D9CFC22FC /* Pods_uso_usoUITests.framework */; };
		BEC439BDE443C3FF959FD7A1 /* Pods_usoTests.framework in Frameworks */ = {isa = PBXBuildFile; fileRef = BD068E2CEB53ED9E4BCF8FFA /* Pods_usoTests.framework */; };
		CB822D9F57CCA24C11C0A4AA /* Pods_uso.framework in Frameworks */ = {isa = PBXBuildFile; fileRef = D0C62EB27D5D33E908EC01A5 /* Pods_uso.framework */; };
/* End PBXBuildFile section */

/* Begin PBXContainerItemProxy section */
		185D2A2A2446C27D00A09E99 /* PBXContainerItemProxy */ = {
			isa = PBXContainerItemProxy;
			containerPortal = 185D2A0B2446C27800A09E99 /* Project object */;
			proxyType = 1;
			remoteGlobalIDString = 185D2A122446C27800A09E99;
			remoteInfo = uso_ios;
		};
		185D2A352446C27E00A09E99 /* PBXContainerItemProxy */ = {
			isa = PBXContainerItemProxy;
			containerPortal = 185D2A0B2446C27800A09E99 /* Project object */;
			proxyType = 1;
			remoteGlobalIDString = 185D2A122446C27800A09E99;
			remoteInfo = uso_ios;
		};
/* End PBXContainerItemProxy section */

/* Begin PBXFileReference section */
		0ACAA29CBA65641ACFC8B384 /* Pods-uso.debug.xcconfig */ = {isa = PBXFileReference; includeInIndex = 1; lastKnownFileType = text.xcconfig; name = "Pods-uso.debug.xcconfig"; path = "Target Support Files/Pods-uso/Pods-uso.debug.xcconfig"; sourceTree = "<group>"; };
		182F46F9244968C300D1730B /* SignViewController.storyboard */ = {isa = PBXFileReference; lastKnownFileType = file.storyboard; path = SignViewController.storyboard; sourceTree = "<group>"; };
		182F46FB2449690400D1730B /* LaunchScreen.storyboard */ = {isa = PBXFileReference; lastKnownFileType = file.storyboard; path = LaunchScreen.storyboard; sourceTree = "<group>"; };
		18404673245AD07E002C04C7 /* SignViewController.swift */ = {isa = PBXFileReference; lastKnownFileType = sourcecode.swift; path = SignViewController.swift; sourceTree = "<group>"; };
		185D2A132446C27800A09E99 /* uso.app */ = {isa = PBXFileReference; explicitFileType = wrapper.application; includeInIndex = 0; path = uso.app; sourceTree = BUILT_PRODUCTS_DIR; };
		185D2A162446C27800A09E99 /* AppDelegate.swift */ = {isa = PBXFileReference; lastKnownFileType = sourcecode.swift; path = AppDelegate.swift; sourceTree = "<group>"; };
		185D2A1F2446C27D00A09E99 /* Assets.xcassets */ = {isa = PBXFileReference; lastKnownFileType = folder.assetcatalog; path = Assets.xcassets; sourceTree = "<group>"; };
		185D2A242446C27D00A09E99 /* Info.plist */ = {isa = PBXFileReference; lastKnownFileType = text.plist.xml; path = Info.plist; sourceTree = "<group>"; };
		185D2A292446C27D00A09E99 /* usoTests.xctest */ = {isa = PBXFileReference; explicitFileType = wrapper.cfbundle; includeInIndex = 0; path = usoTests.xctest; sourceTree = BUILT_PRODUCTS_DIR; };
		185D2A2D2446C27E00A09E99 /* usoTests.swift */ = {isa = PBXFileReference; lastKnownFileType = sourcecode.swift; path = usoTests.swift; sourceTree = "<group>"; };
		185D2A2F2446C27E00A09E99 /* Info.plist */ = {isa = PBXFileReference; lastKnownFileType = text.plist.xml; path = Info.plist; sourceTree = "<group>"; };
		185D2A342446C27E00A09E99 /* usoUITests.xctest */ = {isa = PBXFileReference; explicitFileType = wrapper.cfbundle; includeInIndex = 0; path = usoUITests.xctest; sourceTree = BUILT_PRODUCTS_DIR; };
		185D2A382446C27E00A09E99 /* UsoUITests.swift */ = {isa = PBXFileReference; lastKnownFileType = sourcecode.swift; path = UsoUITests.swift; sourceTree = "<group>"; };
		185D2A3A2446C27E00A09E99 /* Info.plist */ = {isa = PBXFileReference; lastKnownFileType = text.plist.xml; path = Info.plist; sourceTree = "<group>"; };
		185D2A4F2446C3E000A09E99 /* SignViewModel.swift */ = {isa = PBXFileReference; lastKnownFileType = sourcecode.swift; path = SignViewModel.swift; sourceTree = "<group>"; };
		185D2A512446C3EB00A09E99 /* RootUseCase.swift */ = {isa = PBXFileReference; lastKnownFileType = sourcecode.swift; path = RootUseCase.swift; sourceTree = "<group>"; };
		185D2A532446C40000A09E99 /* Model.swift */ = {isa = PBXFileReference; lastKnownFileType = sourcecode.swift; path = Model.swift; sourceTree = "<group>"; };
		185D2A552446C49700A09E99 /* Repository.swift */ = {isa = PBXFileReference; lastKnownFileType = sourcecode.swift; path = Repository.swift; sourceTree = "<group>"; };
		185D2A572446C50F00A09E99 /* UsoError.swift */ = {isa = PBXFileReference; lastKnownFileType = sourcecode.swift; path = UsoError.swift; sourceTree = "<group>"; };
		185D2A592446C54200A09E99 /* UIColorExtension.swift */ = {isa = PBXFileReference; lastKnownFileType = sourcecode.swift; path = UIColorExtension.swift; sourceTree = "<group>"; };
		185D2A5B2446C57100A09E99 /* UsoAPI.swift */ = {isa = PBXFileReference; lastKnownFileType = sourcecode.swift; path = UsoAPI.swift; sourceTree = "<group>"; };
		185D2A5E2446C7A900A09E99 /* ViewBindable.swift */ = {isa = PBXFileReference; lastKnownFileType = sourcecode.swift; path = ViewBindable.swift; sourceTree = "<group>"; };
		185D2A602446C84600A09E99 /* MainCoordinator.swift */ = {isa = PBXFileReference; lastKnownFileType = sourcecode.swift; path = MainCoordinator.swift; sourceTree = "<group>"; };
		185D2A622446C86F00A09E99 /* Coordinator.swift */ = {isa = PBXFileReference; lastKnownFileType = sourcecode.swift; path = Coordinator.swift; sourceTree = "<group>"; };
		185D2A642446C8B100A09E99 /* Storyboarded.swift */ = {isa = PBXFileReference; lastKnownFileType = sourcecode.swift; path = Storyboarded.swift; sourceTree = "<group>"; };
		1861430224583F3A007151A0 /* HabitListViewModel.swift */ = {isa = PBXFileReference; lastKnownFileType = sourcecode.swift; path = HabitListViewModel.swift; sourceTree = "<group>"; };
		1861430424583F49007151A0 /* RankingViewModel.swift */ = {isa = PBXFileReference; lastKnownFileType = sourcecode.swift; path = RankingViewModel.swift; sourceTree = "<group>"; };
		1861430624583F54007151A0 /* SettingViewModel.swift */ = {isa = PBXFileReference; lastKnownFileType = sourcecode.swift; path = SettingViewModel.swift; sourceTree = "<group>"; };
		1874820424612803004A40DE /* ResponseStatus.swift */ = {isa = PBXFileReference; lastKnownFileType = sourcecode.swift; path = ResponseStatus.swift; sourceTree = "<group>"; };
		18748206246129E7004A40DE /* HabitItem.swift */ = {isa = PBXFileReference; lastKnownFileType = sourcecode.swift; path = HabitItem.swift; sourceTree = "<group>"; };
		18748208246129F0004A40DE /* Habit.swift */ = {isa = PBXFileReference; lastKnownFileType = sourcecode.swift; path = Habit.swift; sourceTree = "<group>"; };
		1874820A24612BC0004A40DE /* PlusButtonCell.swift */ = {isa = PBXFileReference; lastKnownFileType = sourcecode.swift; path = PlusButtonCell.swift; sourceTree = "<group>"; };
		1882372024579B33002C523E /* MainTabViewController.storyboard */ = {isa = PBXFileReference; lastKnownFileType = file.storyboard; path = MainTabViewController.storyboard; sourceTree = "<group>"; };
		1882372424579CEE002C523E /* MainTabViewController.swift */ = {isa = PBXFileReference; lastKnownFileType = sourcecode.swift; path = MainTabViewController.swift; sourceTree = "<group>"; };
		1882372624579DDA002C523E /* HabitListViewController.swift */ = {isa = PBXFileReference; lastKnownFileType = sourcecode.swift; path = HabitListViewController.swift; sourceTree = "<group>"; };
		1882372A24579DFA002C523E /* RankingViewController.swift */ = {isa = PBXFileReference; lastKnownFileType = sourcecode.swift; path = RankingViewController.swift; sourceTree = "<group>"; };
		1882372C24579E13002C523E /* RankingViewController.storyboard */ = {isa = PBXFileReference; lastKnownFileType = file.storyboard; path = RankingViewController.storyboard; sourceTree = "<group>"; };
		1882372E24579E23002C523E /* HabitListViewController.storyboard */ = {isa = PBXFileReference; lastKnownFileType = file.storyboard; path = HabitListViewController.storyboard; sourceTree = "<group>"; };
		18CB4FCC245AB81100FD6651 /* .swiftlint.yml */ = {isa = PBXFileReference; lastKnownFileType = text.yaml; path = .swiftlint.yml; sourceTree = "<group>"; };
		18F6663C24611B5400499CBC /* HabitListCell.swift */ = {isa = PBXFileReference; lastKnownFileType = sourcecode.swift; path = HabitListCell.swift; sourceTree = "<group>"; };
		18F6663D24611B5400499CBC /* HabitListCell.xib */ = {isa = PBXFileReference; lastKnownFileType = file.xib; path = HabitListCell.xib; sourceTree = "<group>"; };
		18F6664024611D9200499CBC /* ProfileCell.swift */ = {isa = PBXFileReference; lastKnownFileType = sourcecode.swift; path = ProfileCell.swift; sourceTree = "<group>"; };
		18F6664124611D9200499CBC /* ProfileCell.xib */ = {isa = PBXFileReference; lastKnownFileType = file.xib; path = ProfileCell.xib; sourceTree = "<group>"; };
		18F666442461244400499CBC /* HabitListUseCase.swift */ = {isa = PBXFileReference; lastKnownFileType = sourcecode.swift; path = HabitListUseCase.swift; sourceTree = "<group>"; };
		29D86E52A96C403CBA9C32B3 /* Pods-uso_iosTests.debug.xcconfig */ = {isa = PBXFileReference; includeInIndex = 1; lastKnownFileType = text.xcconfig; name = "Pods-uso_iosTests.debug.xcconfig"; path = "Target Support Files/Pods-uso_iosTests/Pods-uso_iosTests.debug.xcconfig"; sourceTree = "<group>"; };
		3854F5C8248A440B00AD0DAF /* User.swift */ = {isa = PBXFileReference; lastKnownFileType = sourcecode.swift; path = User.swift; sourceTree = "<group>"; };
		3854F5CA248A447D00AD0DAF /* UserAPI.swift */ = {isa = PBXFileReference; lastKnownFileType = sourcecode.swift; path = UserAPI.swift; sourceTree = "<group>"; };
		3859DDDF245D5EA400C799BF /* RankingUseCase.swift */ = {isa = PBXFileReference; lastKnownFileType = sourcecode.swift; path = RankingUseCase.swift; sourceTree = "<group>"; };
		387B599824B96F8800FDD7DC /* AddHabitAPI.swift */ = {isa = PBXFileReference; lastKnownFileType = sourcecode.swift; path = AddHabitAPI.swift; sourceTree = "<group>"; };
		387D1244248A1396005B0C05 /* SettingItemTableViewCell.swift */ = {isa = PBXFileReference; fileEncoding = 4; lastKnownFileType = sourcecode.swift; path = SettingItemTableViewCell.swift; sourceTree = "<group>"; };
		387D1245248A1396005B0C05 /* MyRankingTableViewCell.swift */ = {isa = PBXFileReference; fileEncoding = 4; lastKnownFileType = sourcecode.swift; path = MyRankingTableViewCell.swift; sourceTree = "<group>"; };
		387D1246248A1396005B0C05 /* RankingItemTableViewCell.swift */ = {isa = PBXFileReference; fileEncoding = 4; lastKnownFileType = sourcecode.swift; path = RankingItemTableViewCell.swift; sourceTree = "<group>"; };
		387D1247248A1396005B0C05 /* MyRankingTableViewCell.xib */ = {isa = PBXFileReference; fileEncoding = 4; lastKnownFileType = file.xib; path = MyRankingTableViewCell.xib; sourceTree = "<group>"; };
		387D1248248A1397005B0C05 /* SettingItemTableViewCell.xib */ = {isa = PBXFileReference; fileEncoding = 4; lastKnownFileType = file.xib; path = SettingItemTableViewCell.xib; sourceTree = "<group>"; };
		387D1249248A1397005B0C05 /* RankingItemTableViewCell.xib */ = {isa = PBXFileReference; fileEncoding = 4; lastKnownFileType = file.xib; path = RankingItemTableViewCell.xib; sourceTree = "<group>"; };
		388BDAA324BDBE2200E8796E /* MySettingTableViewCell.swift */ = {isa = PBXFileReference; lastKnownFileType = sourcecode.swift; path = MySettingTableViewCell.swift; sourceTree = "<group>"; };
		388BDAA424BDBE2200E8796E /* MySettingTableViewCell.xib */ = {isa = PBXFileReference; lastKnownFileType = file.xib; path = MySettingTableViewCell.xib; sourceTree = "<group>"; };
		388F7A9E248A292E00A9E123 /* SettingViewController.swift */ = {isa = PBXFileReference; lastKnownFileType = sourcecode.swift; path = SettingViewController.swift; sourceTree = "<group>"; };
		388F7AA0248A297C00A9E123 /* Ranking.swift */ = {isa = PBXFileReference; lastKnownFileType = sourcecode.swift; path = Ranking.swift; sourceTree = "<group>"; };
		388F7AA2248A29A100A9E123 /* MoyaAPI.swift */ = {isa = PBXFileReference; lastKnownFileType = sourcecode.swift; path = MoyaAPI.swift; sourceTree = "<group>"; };
		388F7AA4248A2A6600A9E123 /* CALayer+Border.swift */ = {isa = PBXFileReference; lastKnownFileType = sourcecode.swift; path = "CALayer+Border.swift"; sourceTree = "<group>"; };
		388F7AAC248A322C00A9E123 /* SettingViewController.storyboard */ = {isa = PBXFileReference; lastKnownFileType = file.storyboard; path = SettingViewController.storyboard; sourceTree = "<group>"; };
		38A3E86124A731480097E7FA /* RankingRepository.swift */ = {isa = PBXFileReference; lastKnownFileType = sourcecode.swift; path = RankingRepository.swift; sourceTree = "<group>"; };
		38A3E86324A731A30097E7FA /* ViewModelType.swift */ = {isa = PBXFileReference; lastKnownFileType = sourcecode.swift; path = ViewModelType.swift; sourceTree = "<group>"; };
		4A3AC7C8FD7C0F1A1EF65293 /* Pods-uso_ios.release.xcconfig */ = {isa = PBXFileReference; includeInIndex = 1; lastKnownFileType = text.xcconfig; name = "Pods-uso_ios.release.xcconfig"; path = "Target Support Files/Pods-uso_ios/Pods-uso_ios.release.xcconfig"; sourceTree = "<group>"; };
		6130EF413695622D9CFC22FC /* Pods_uso_usoUITests.framework */ = {isa = PBXFileReference; explicitFileType = wrapper.framework; includeInIndex = 0; path = Pods_uso_usoUITests.framework; sourceTree = BUILT_PRODUCTS_DIR; };
		6BE35225023FE32BBE83F9CF /* Pods-uso_ios.debug.xcconfig */ = {isa = PBXFileReference; includeInIndex = 1; lastKnownFileType = text.xcconfig; name = "Pods-uso_ios.debug.xcconfig"; path = "Target Support Files/Pods-uso_ios/Pods-uso_ios.debug.xcconfig"; sourceTree = "<group>"; };
		727783AEA4B281B05F15D3C4 /* Pods-uso_iosTests.release.xcconfig */ = {isa = PBXFileReference; includeInIndex = 1; lastKnownFileType = text.xcconfig; name = "Pods-uso_iosTests.release.xcconfig"; path = "Target Support Files/Pods-uso_iosTests/Pods-uso_iosTests.release.xcconfig"; sourceTree = "<group>"; };
		7440281B8358D1DB3A274291 /* Pods-uso-usoUITests.debug.xcconfig */ = {isa = PBXFileReference; includeInIndex = 1; lastKnownFileType = text.xcconfig; name = "Pods-uso-usoUITests.debug.xcconfig"; path = "Target Support Files/Pods-uso-usoUITests/Pods-uso-usoUITests.debug.xcconfig"; sourceTree = "<group>"; };
		8811C256C820F8643C061922 /* Pods-usoTests.debug.xcconfig */ = {isa = PBXFileReference; includeInIndex = 1; lastKnownFileType = text.xcconfig; name = "Pods-usoTests.debug.xcconfig"; path = "Target Support Files/Pods-usoTests/Pods-usoTests.debug.xcconfig"; sourceTree = "<group>"; };
		8D473F0558E305B2D24B9D05 /* Pods-uso-usoUITests.release.xcconfig */ = {isa = PBXFileReference; includeInIndex = 1; lastKnownFileType = text.xcconfig; name = "Pods-uso-usoUITests.release.xcconfig"; path = "Target Support Files/Pods-uso-usoUITests/Pods-uso-usoUITests.release.xcconfig"; sourceTree = "<group>"; };
		9C07E6EB2467CFD400F87838 /* PlusButtonCell.xib */ = {isa = PBXFileReference; lastKnownFileType = file.xib; path = PlusButtonCell.xib; sourceTree = "<group>"; };
		9C2275FC246FAAFC00DF5911 /* BakeryRepository.swift */ = {isa = PBXFileReference; lastKnownFileType = sourcecode.swift; path = BakeryRepository.swift; sourceTree = "<group>"; };
		9C2275FE246FAB3A00DF5911 /* HabitAddRepsitory.swift */ = {isa = PBXFileReference; lastKnownFileType = sourcecode.swift; path = HabitAddRepsitory.swift; sourceTree = "<group>"; };
		9C227600246FAD3400DF5911 /* HabitAddViewController.swift */ = {isa = PBXFileReference; lastKnownFileType = sourcecode.swift; path = HabitAddViewController.swift; sourceTree = "<group>"; };
		9C227602246FAD4400DF5911 /* BakeryViewController.swift */ = {isa = PBXFileReference; lastKnownFileType = sourcecode.swift; path = BakeryViewController.swift; sourceTree = "<group>"; };
		9C227604246FAD5900DF5911 /* HabitAddViewController.storyboard */ = {isa = PBXFileReference; lastKnownFileType = file.storyboard; path = HabitAddViewController.storyboard; sourceTree = "<group>"; };
		9C227606246FAD6A00DF5911 /* BakeryViewController.storyboard */ = {isa = PBXFileReference; lastKnownFileType = file.storyboard; path = BakeryViewController.storyboard; sourceTree = "<group>"; };
		9C7B4B3024713A68007B21DA /* HabitAPI.swift */ = {isa = PBXFileReference; lastKnownFileType = sourcecode.swift; path = HabitAPI.swift; sourceTree = "<group>"; };
		9C7B4B3324713B37007B21DA /* RankingAPI.swift */ = {isa = PBXFileReference; lastKnownFileType = sourcecode.swift; path = RankingAPI.swift; sourceTree = "<group>"; };
		9C7B4B352471429E007B21DA /* Moya+Plugin.swift */ = {isa = PBXFileReference; lastKnownFileType = sourcecode.swift; path = "Moya+Plugin.swift"; sourceTree = "<group>"; };
		9C910CAE24A704780018E16B /* AddHabitCell.swift */ = {isa = PBXFileReference; lastKnownFileType = sourcecode.swift; path = AddHabitCell.swift; sourceTree = "<group>"; };
		9C910CAF24A704780018E16B /* AddHabitCell.xib */ = {isa = PBXFileReference; lastKnownFileType = file.xib; path = AddHabitCell.xib; sourceTree = "<group>"; };
		9CA8AD1F2489D44600859CA6 /* RankingItemTableViewCell.swift */ = {isa = PBXFileReference; fileEncoding = 4; lastKnownFileType = sourcecode.swift; name = RankingItemTableViewCell.swift; path = "/Downloads/6th-team4-ios-develop/uso/Cell/RankingItemTableViewCell.swift"; sourceTree = "<absolute>"; };
		9CA8AD202489D44600859CA6 /* RankingItemTableViewCell.xib */ = {isa = PBXFileReference; fileEncoding = 4; lastKnownFileType = file.xib; name = RankingItemTableViewCell.xib; path = "/Downloads/6th-team4-ios-develop/uso/Cell/RankingItemTableViewCell.xib"; sourceTree = "<absolute>"; };
		9CA8AD242489D44600859CA6 /* MyRankingTableViewCell.swift */ = {isa = PBXFileReference; fileEncoding = 4; lastKnownFileType = sourcecode.swift; name = MyRankingTableViewCell.swift; path = "/Downloads/6th-team4-ios-develop/uso/Cell/MyRankingTableViewCell.swift"; sourceTree = "<absolute>"; };
		9CA8AD2B2489D48200859CA6 /* SettingCoordinator.swift */ = {isa = PBXFileReference; fileEncoding = 4; lastKnownFileType = sourcecode.swift; name = SettingCoordinator.swift; path = "/Downloads/6th-team4-ios-develop/uso/Coordinator/SettingCoordinator.swift"; sourceTree = "<absolute>"; };
		9CA8AD2D2489F55600859CA6 /* PopUp.swift */ = {isa = PBXFileReference; lastKnownFileType = sourcecode.swift; path = PopUp.swift; sourceTree = "<group>"; };
		9CA8AD302489F61900859CA6 /* HabitDetailViewController.swift */ = {isa = PBXFileReference; lastKnownFileType = sourcecode.swift; path = HabitDetailViewController.swift; sourceTree = "<group>"; };
		9CA8AD322489F63E00859CA6 /* HabitDetailViewController.storyboard */ = {isa = PBXFileReference; lastKnownFileType = file.storyboard; path = HabitDetailViewController.storyboard; sourceTree = "<group>"; };
		9CBAEC8324B1FCD200A547CF /* HabitDetailViewModel.swift */ = {isa = PBXFileReference; lastKnownFileType = sourcecode.swift; path = HabitDetailViewModel.swift; sourceTree = "<group>"; };
		9CE11BCF247A290D00F6EAC1 /* IndicatorView.swift */ = {isa = PBXFileReference; lastKnownFileType = sourcecode.swift; path = IndicatorView.swift; sourceTree = "<group>"; };
		9CE11BD1247A296F00F6EAC1 /* Constants.swift */ = {isa = PBXFileReference; lastKnownFileType = sourcecode.swift; path = Constants.swift; sourceTree = "<group>"; };
		9CE11BD3247A2CC900F6EAC1 /* UIViewExtension.swift */ = {isa = PBXFileReference; lastKnownFileType = sourcecode.swift; path = UIViewExtension.swift; sourceTree = "<group>"; };
		9CFF406D24703B6300EC0E66 /* uso.entitlements */ = {isa = PBXFileReference; lastKnownFileType = text.plist.entitlements; path = uso.entitlements; sourceTree = "<group>"; };
		A0E4AD2DC9E01C5553E8C141 /* Pods-usoTests.release.xcconfig */ = {isa = PBXFileReference; includeInIndex = 1; lastKnownFileType = text.xcconfig; name = "Pods-usoTests.release.xcconfig"; path = "Target Support Files/Pods-usoTests/Pods-usoTests.release.xcconfig"; sourceTree = "<group>"; };
		AFFD845E327E38B4BA336E7B /* Pods-uso_ios-uso_iosUITests.release.xcconfig */ = {isa = PBXFileReference; includeInIndex = 1; lastKnownFileType = text.xcconfig; name = "Pods-uso_ios-uso_iosUITests.release.xcconfig"; path = "Target Support Files/Pods-uso_ios-uso_iosUITests/Pods-uso_ios-uso_iosUITests.release.xcconfig"; sourceTree = "<group>"; };
		BD068E2CEB53ED9E4BCF8FFA /* Pods_usoTests.framework */ = {isa = PBXFileReference; explicitFileType = wrapper.framework; includeInIndex = 0; path = Pods_usoTests.framework; sourceTree = BUILT_PRODUCTS_DIR; };
		BE1F6BB9767AFD2FA8248C65 /* Pods-uso_ios-uso_iosUITests.debug.xcconfig */ = {isa = PBXFileReference; includeInIndex = 1; lastKnownFileType = text.xcconfig; name = "Pods-uso_ios-uso_iosUITests.debug.xcconfig"; path = "Target Support Files/Pods-uso_ios-uso_iosUITests/Pods-uso_ios-uso_iosUITests.debug.xcconfig"; sourceTree = "<group>"; };
		C1B9A1484569FC70D301161C /* Pods-uso.release.xcconfig */ = {isa = PBXFileReference; includeInIndex = 1; lastKnownFileType = text.xcconfig; name = "Pods-uso.release.xcconfig"; path = "Target Support Files/Pods-uso/Pods-uso.release.xcconfig"; sourceTree = "<group>"; };
		D0C62EB27D5D33E908EC01A5 /* Pods_uso.framework */ = {isa = PBXFileReference; explicitFileType = wrapper.framework; includeInIndex = 0; path = Pods_uso.framework; sourceTree = BUILT_PRODUCTS_DIR; };
/* End PBXFileReference section */

/* Begin PBXFrameworksBuildPhase section */
		185D2A102446C27800A09E99 /* Frameworks */ = {
			isa = PBXFrameworksBuildPhase;
			buildActionMask = 2147483647;
			files = (
				CB822D9F57CCA24C11C0A4AA /* Pods_uso.framework in Frameworks */,
			);
			runOnlyForDeploymentPostprocessing = 0;
		};
		185D2A262446C27D00A09E99 /* Frameworks */ = {
			isa = PBXFrameworksBuildPhase;
			buildActionMask = 2147483647;
			files = (
				BEC439BDE443C3FF959FD7A1 /* Pods_usoTests.framework in Frameworks */,
			);
			runOnlyForDeploymentPostprocessing = 0;
		};
		185D2A312446C27E00A09E99 /* Frameworks */ = {
			isa = PBXFrameworksBuildPhase;
			buildActionMask = 2147483647;
			files = (
				A69E93138987A0D7DEAE2895 /* Pods_uso_usoUITests.framework in Frameworks */,
			);
			runOnlyForDeploymentPostprocessing = 0;
		};
/* End PBXFrameworksBuildPhase section */

/* Begin PBXGroup section */
		048BE9BE502F83F678638ED1 /* Frameworks */ = {
			isa = PBXGroup;
			children = (
				D0C62EB27D5D33E908EC01A5 /* Pods_uso.framework */,
				6130EF413695622D9CFC22FC /* Pods_uso_usoUITests.framework */,
				BD068E2CEB53ED9E4BCF8FFA /* Pods_usoTests.framework */,
			);
			name = Frameworks;
			sourceTree = "<group>";
		};
		185D2A0A2446C27800A09E99 = {
			isa = PBXGroup;
			children = (
				18CB4FCC245AB81100FD6651 /* .swiftlint.yml */,
				185D2A152446C27800A09E99 /* uso */,
				185D2A2C2446C27E00A09E99 /* usoTests */,
				185D2A372446C27E00A09E99 /* usoUITests */,
				185D2A142446C27800A09E99 /* Products */,
				2984303282596BEAA562F753 /* Pods */,
				048BE9BE502F83F678638ED1 /* Frameworks */,
				9CBAEC8224B1FB5200A547CF /* Recovered References */,
			);
			sourceTree = "<group>";
		};
		185D2A142446C27800A09E99 /* Products */ = {
			isa = PBXGroup;
			children = (
				185D2A132446C27800A09E99 /* uso.app */,
				185D2A292446C27D00A09E99 /* usoTests.xctest */,
				185D2A342446C27E00A09E99 /* usoUITests.xctest */,
			);
			name = Products;
			sourceTree = "<group>";
		};
		185D2A152446C27800A09E99 /* uso */ = {
			isa = PBXGroup;
			children = (
				9CFF406D24703B6300EC0E66 /* uso.entitlements */,
				9CA8AD2F2489F5B900859CA6 /* View */,
				9C7B4B2F24713A20007B21DA /* Network */,
				3866D359245B0E0A001F76A9 /* Cell */,
				185D2A662446C9E400A09E99 /* Storyboard */,
				185D2A5D2446C79E00A09E99 /* Protocol */,
				185D2A4E2446C31800A09E99 /* Coordinator */,
				185D2A4C2446C2D500A09E99 /* UseCase */,
				185D2A4B2446C2D000A09E99 /* Repository */,
				185D2A4A2446C2C600A09E99 /* ViewModel */,
				185D2A492446C2BF00A09E99 /* ViewController */,
				185D2A482446C2B700A09E99 /* Helper */,
				185D2A472446C2B000A09E99 /* Extension */,
				185D2A462446C2A900A09E99 /* Service */,
				185D2A162446C27800A09E99 /* AppDelegate.swift */,
				185D2A1F2446C27D00A09E99 /* Assets.xcassets */,
				185D2A242446C27D00A09E99 /* Info.plist */,
			);
			path = uso;
			sourceTree = "<group>";
		};
		185D2A2C2446C27E00A09E99 /* usoTests */ = {
			isa = PBXGroup;
			children = (
				185D2A2D2446C27E00A09E99 /* usoTests.swift */,
				185D2A2F2446C27E00A09E99 /* Info.plist */,
			);
			path = usoTests;
			sourceTree = "<group>";
		};
		185D2A372446C27E00A09E99 /* usoUITests */ = {
			isa = PBXGroup;
			children = (
				185D2A382446C27E00A09E99 /* UsoUITests.swift */,
				185D2A3A2446C27E00A09E99 /* Info.plist */,
			);
			path = usoUITests;
			sourceTree = "<group>";
		};
		185D2A462446C2A900A09E99 /* Service */ = {
			isa = PBXGroup;
			children = (
				185D2A5B2446C57100A09E99 /* UsoAPI.swift */,
			);
			path = Service;
			sourceTree = "<group>";
		};
		185D2A472446C2B000A09E99 /* Extension */ = {
			isa = PBXGroup;
			children = (
				185D2A592446C54200A09E99 /* UIColorExtension.swift */,
				9CE11BCF247A290D00F6EAC1 /* IndicatorView.swift */,
				9CE11BD1247A296F00F6EAC1 /* Constants.swift */,
				9CE11BD3247A2CC900F6EAC1 /* UIViewExtension.swift */,
				9CA8AD2D2489F55600859CA6 /* PopUp.swift */,
				388F7AA4248A2A6600A9E123 /* CALayer+Border.swift */,
				38A3E86324A731A30097E7FA /* ViewModelType.swift */,
			);
			path = Extension;
			sourceTree = "<group>";
		};
		185D2A482446C2B700A09E99 /* Helper */ = {
			isa = PBXGroup;
			children = (
				185D2A572446C50F00A09E99 /* UsoError.swift */,
				1874820424612803004A40DE /* ResponseStatus.swift */,
			);
			path = Helper;
			sourceTree = "<group>";
		};
		185D2A492446C2BF00A09E99 /* ViewController */ = {
			isa = PBXGroup;
			children = (
				18404673245AD07E002C04C7 /* SignViewController.swift */,
				1882372A24579DFA002C523E /* RankingViewController.swift */,
				1882372424579CEE002C523E /* MainTabViewController.swift */,
				1882372624579DDA002C523E /* HabitListViewController.swift */,
				9C227600246FAD3400DF5911 /* HabitAddViewController.swift */,
				9C227602246FAD4400DF5911 /* BakeryViewController.swift */,
				9CA8AD302489F61900859CA6 /* HabitDetailViewController.swift */,
				388F7A9E248A292E00A9E123 /* SettingViewController.swift */,
			);
			path = ViewController;
			sourceTree = "<group>";
		};
		185D2A4A2446C2C600A09E99 /* ViewModel */ = {
			isa = PBXGroup;
			children = (
				185D2A4F2446C3E000A09E99 /* SignViewModel.swift */,
				1861430224583F3A007151A0 /* HabitListViewModel.swift */,
				1861430424583F49007151A0 /* RankingViewModel.swift */,
				1861430624583F54007151A0 /* SettingViewModel.swift */,
				9CBAEC8324B1FCD200A547CF /* HabitDetailViewModel.swift */,
			);
			path = ViewModel;
			sourceTree = "<group>";
		};
		185D2A4B2446C2D000A09E99 /* Repository */ = {
			isa = PBXGroup;
			children = (
				185D2A552446C49700A09E99 /* Repository.swift */,
				9C2275FC246FAAFC00DF5911 /* BakeryRepository.swift */,
				9C2275FE246FAB3A00DF5911 /* HabitAddRepsitory.swift */,
				38A3E86124A731480097E7FA /* RankingRepository.swift */,
			);
			path = Repository;
			sourceTree = "<group>";
		};
		185D2A4C2446C2D500A09E99 /* UseCase */ = {
			isa = PBXGroup;
			children = (
				185D2A512446C3EB00A09E99 /* RootUseCase.swift */,
				3859DDDF245D5EA400C799BF /* RankingUseCase.swift */,
				18F666442461244400499CBC /* HabitListUseCase.swift */,
			);
			path = UseCase;
			sourceTree = "<group>";
		};
		185D2A4D2446C31400A09E99 /* Model */ = {
			isa = PBXGroup;
			children = (
				185D2A532446C40000A09E99 /* Model.swift */,
				18748206246129E7004A40DE /* HabitItem.swift */,
				18748208246129F0004A40DE /* Habit.swift */,
				388F7AA0248A297C00A9E123 /* Ranking.swift */,
				3854F5C8248A440B00AD0DAF /* User.swift */,
			);
			path = Model;
			sourceTree = "<group>";
		};
		185D2A4E2446C31800A09E99 /* Coordinator */ = {
			isa = PBXGroup;
			children = (
				185D2A602446C84600A09E99 /* MainCoordinator.swift */,
			);
			path = Coordinator;
			sourceTree = "<group>";
		};
		185D2A5D2446C79E00A09E99 /* Protocol */ = {
			isa = PBXGroup;
			children = (
				185D2A5E2446C7A900A09E99 /* ViewBindable.swift */,
				185D2A622446C86F00A09E99 /* Coordinator.swift */,
				185D2A642446C8B100A09E99 /* Storyboarded.swift */,
			);
			path = Protocol;
			sourceTree = "<group>";
		};
		185D2A662446C9E400A09E99 /* Storyboard */ = {
			isa = PBXGroup;
			children = (
				182F46F9244968C300D1730B /* SignViewController.storyboard */,
				182F46FB2449690400D1730B /* LaunchScreen.storyboard */,
				1882372024579B33002C523E /* MainTabViewController.storyboard */,
				1882372C24579E13002C523E /* RankingViewController.storyboard */,
				1882372E24579E23002C523E /* HabitListViewController.storyboard */,
				9C227604246FAD5900DF5911 /* HabitAddViewController.storyboard */,
				9C227606246FAD6A00DF5911 /* BakeryViewController.storyboard */,
				9CA8AD322489F63E00859CA6 /* HabitDetailViewController.storyboard */,
				388F7AAC248A322C00A9E123 /* SettingViewController.storyboard */,
			);
			path = Storyboard;
			sourceTree = "<group>";
		};
		18F6663A24611AB900499CBC /* Ranking */ = {
			isa = PBXGroup;
			children = (
				387D1245248A1396005B0C05 /* MyRankingTableViewCell.swift */,
				387D1247248A1396005B0C05 /* MyRankingTableViewCell.xib */,
				387D1246248A1396005B0C05 /* RankingItemTableViewCell.swift */,
				387D1249248A1397005B0C05 /* RankingItemTableViewCell.xib */,
			);
			path = Ranking;
			sourceTree = "<group>";
		};
		18F6663B24611ADE00499CBC /* HabitList */ = {
			isa = PBXGroup;
			children = (
				18F6663C24611B5400499CBC /* HabitListCell.swift */,
				18F6663D24611B5400499CBC /* HabitListCell.xib */,
				18F6664024611D9200499CBC /* ProfileCell.swift */,
				18F6664124611D9200499CBC /* ProfileCell.xib */,
				1874820A24612BC0004A40DE /* PlusButtonCell.swift */,
				9C07E6EB2467CFD400F87838 /* PlusButtonCell.xib */,
				9C910CAE24A704780018E16B /* AddHabitCell.swift */,
				9C910CAF24A704780018E16B /* AddHabitCell.xib */,
			);
			path = HabitList;
			sourceTree = "<group>";
		};
		2984303282596BEAA562F753 /* Pods */ = {
			isa = PBXGroup;
			children = (
				6BE35225023FE32BBE83F9CF /* Pods-uso_ios.debug.xcconfig */,
				4A3AC7C8FD7C0F1A1EF65293 /* Pods-uso_ios.release.xcconfig */,
				BE1F6BB9767AFD2FA8248C65 /* Pods-uso_ios-uso_iosUITests.debug.xcconfig */,
				AFFD845E327E38B4BA336E7B /* Pods-uso_ios-uso_iosUITests.release.xcconfig */,
				29D86E52A96C403CBA9C32B3 /* Pods-uso_iosTests.debug.xcconfig */,
				727783AEA4B281B05F15D3C4 /* Pods-uso_iosTests.release.xcconfig */,
				0ACAA29CBA65641ACFC8B384 /* Pods-uso.debug.xcconfig */,
				C1B9A1484569FC70D301161C /* Pods-uso.release.xcconfig */,
				7440281B8358D1DB3A274291 /* Pods-uso-usoUITests.debug.xcconfig */,
				8D473F0558E305B2D24B9D05 /* Pods-uso-usoUITests.release.xcconfig */,
				8811C256C820F8643C061922 /* Pods-usoTests.debug.xcconfig */,
				A0E4AD2DC9E01C5553E8C141 /* Pods-usoTests.release.xcconfig */,
			);
			path = Pods;
			sourceTree = "<group>";
		};
		3866D359245B0E0A001F76A9 /* Cell */ = {
			isa = PBXGroup;
			children = (
				18F6663B24611ADE00499CBC /* HabitList */,
				18F6663A24611AB900499CBC /* Ranking */,
				38A85091248A187300102E09 /* Setting */,
			);
			path = Cell;
			sourceTree = "<group>";
		};
		38A85091248A187300102E09 /* Setting */ = {
			isa = PBXGroup;
			children = (
				388BDAA324BDBE2200E8796E /* MySettingTableViewCell.swift */,
				388BDAA424BDBE2200E8796E /* MySettingTableViewCell.xib */,
				387D1244248A1396005B0C05 /* SettingItemTableViewCell.swift */,
				387D1248248A1397005B0C05 /* SettingItemTableViewCell.xib */,
			);
			path = Setting;
			sourceTree = "<group>";
		};
		9C7B4B2F24713A20007B21DA /* Network */ = {
			isa = PBXGroup;
			children = (
				185D2A4D2446C31400A09E99 /* Model */,
				9C7B4B3224713A6B007B21DA /* Service */,
			);
			path = Network;
			sourceTree = "<group>";
		};
		9C7B4B3224713A6B007B21DA /* Service */ = {
			isa = PBXGroup;
			children = (
				9C7B4B3024713A68007B21DA /* HabitAPI.swift */,
				9C7B4B352471429E007B21DA /* Moya+Plugin.swift */,
				388F7AA2248A29A100A9E123 /* MoyaAPI.swift */,
				9C7B4B3324713B37007B21DA /* RankingAPI.swift */,
				3854F5CA248A447D00AD0DAF /* UserAPI.swift */,
				387B599824B96F8800FDD7DC /* AddHabitAPI.swift */,
			);
			path = Service;
			sourceTree = "<group>";
		};
		9CA8AD2F2489F5B900859CA6 /* View */ = {
			isa = PBXGroup;
			children = (
			);
			path = View;
			sourceTree = "<group>";
		};
		9CBAEC8224B1FB5200A547CF /* Recovered References */ = {
			isa = PBXGroup;
			children = (
				9CA8AD242489D44600859CA6 /* MyRankingTableViewCell.swift */,
				9CA8AD2B2489D48200859CA6 /* SettingCoordinator.swift */,
				9CA8AD1F2489D44600859CA6 /* RankingItemTableViewCell.swift */,
				9CA8AD202489D44600859CA6 /* RankingItemTableViewCell.xib */,
			);
			name = "Recovered References";
			sourceTree = "<group>";
		};
/* End PBXGroup section */

/* Begin PBXNativeTarget section */
		185D2A122446C27800A09E99 /* uso */ = {
			isa = PBXNativeTarget;
			buildConfigurationList = 185D2A3D2446C27E00A09E99 /* Build configuration list for PBXNativeTarget "uso" */;
			buildPhases = (
				5DED07C5AF27411B3C7E039A /* [CP] Check Pods Manifest.lock */,
				185D2A0F2446C27800A09E99 /* Sources */,
				185D2A102446C27800A09E99 /* Frameworks */,
				185D2A112446C27800A09E99 /* Resources */,
				35483A738AD1760939F28312 /* [CP] Embed Pods Frameworks */,
				18CB4FC7245AB62E00FD6651 /* ShellScript */,
				F458A014193271AF9D400C41 /* [CP] Copy Pods Resources */,
			);
			buildRules = (
			);
			dependencies = (
			);
			name = uso;
			productName = uso_ios;
			productReference = 185D2A132446C27800A09E99 /* uso.app */;
			productType = "com.apple.product-type.application";
		};
		185D2A282446C27D00A09E99 /* usoTests */ = {
			isa = PBXNativeTarget;
			buildConfigurationList = 185D2A402446C27E00A09E99 /* Build configuration list for PBXNativeTarget "usoTests" */;
			buildPhases = (
				1F4C56EDA5D39BA66D5BFB9A /* [CP] Check Pods Manifest.lock */,
				185D2A252446C27D00A09E99 /* Sources */,
				185D2A262446C27D00A09E99 /* Frameworks */,
				185D2A272446C27D00A09E99 /* Resources */,
			);
			buildRules = (
			);
			dependencies = (
				185D2A2B2446C27D00A09E99 /* PBXTargetDependency */,
			);
			name = usoTests;
			productName = uso_iosTests;
			productReference = 185D2A292446C27D00A09E99 /* usoTests.xctest */;
			productType = "com.apple.product-type.bundle.unit-test";
		};
		185D2A332446C27E00A09E99 /* usoUITests */ = {
			isa = PBXNativeTarget;
			buildConfigurationList = 185D2A432446C27E00A09E99 /* Build configuration list for PBXNativeTarget "usoUITests" */;
			buildPhases = (
				F68E1492CEB2F8AE850BC986 /* [CP] Check Pods Manifest.lock */,
				185D2A302446C27E00A09E99 /* Sources */,
				185D2A312446C27E00A09E99 /* Frameworks */,
				185D2A322446C27E00A09E99 /* Resources */,
				3172FF1142D6A9E1A214D98B /* [CP] Embed Pods Frameworks */,
				A7F547DAEF4FE74CB12BD9CF /* [CP] Copy Pods Resources */,
			);
			buildRules = (
			);
			dependencies = (
				185D2A362446C27E00A09E99 /* PBXTargetDependency */,
			);
			name = usoUITests;
			productName = uso_iosUITests;
			productReference = 185D2A342446C27E00A09E99 /* usoUITests.xctest */;
			productType = "com.apple.product-type.bundle.ui-testing";
		};
/* End PBXNativeTarget section */

/* Begin PBXProject section */
		185D2A0B2446C27800A09E99 /* Project object */ = {
			isa = PBXProject;
			attributes = {
				LastSwiftUpdateCheck = 1130;
				LastUpgradeCheck = 1150;
				ORGANIZATIONNAME = sooyong;
				TargetAttributes = {
					185D2A122446C27800A09E99 = {
						CreatedOnToolsVersion = 11.3.1;
					};
					185D2A282446C27D00A09E99 = {
						CreatedOnToolsVersion = 11.3.1;
						TestTargetID = 185D2A122446C27800A09E99;
					};
					185D2A332446C27E00A09E99 = {
						CreatedOnToolsVersion = 11.3.1;
						TestTargetID = 185D2A122446C27800A09E99;
					};
				};
			};
			buildConfigurationList = 185D2A0E2446C27800A09E99 /* Build configuration list for PBXProject "uso" */;
			compatibilityVersion = "Xcode 9.3";
			developmentRegion = en;
			hasScannedForEncodings = 0;
			knownRegions = (
				en,
				Base,
			);
			mainGroup = 185D2A0A2446C27800A09E99;
			productRefGroup = 185D2A142446C27800A09E99 /* Products */;
			projectDirPath = "";
			projectRoot = "";
			targets = (
				185D2A122446C27800A09E99 /* uso */,
				185D2A282446C27D00A09E99 /* usoTests */,
				185D2A332446C27E00A09E99 /* usoUITests */,
			);
		};
/* End PBXProject section */

/* Begin PBXResourcesBuildPhase section */
		185D2A112446C27800A09E99 /* Resources */ = {
			isa = PBXResourcesBuildPhase;
			buildActionMask = 2147483647;
			files = (
				18CB4FCD245AB81100FD6651 /* .swiftlint.yml in Resources */,
				1882372D24579E13002C523E /* RankingViewController.storyboard in Resources */,
				38E70E0A24B2108400C1721D /* MyRankingTableViewCell.xib in Resources */,
				18F6663F24611B5400499CBC /* HabitListCell.xib in Resources */,
				388BDAA624BDBE2200E8796E /* MySettingTableViewCell.xib in Resources */,
				9C07E6EC2467CFD400F87838 /* PlusButtonCell.xib in Resources */,
				9CA8AD332489F63E00859CA6 /* HabitDetailViewController.storyboard in Resources */,
				1882372124579B33002C523E /* MainTabViewController.storyboard in Resources */,
				1882372F24579E23002C523E /* HabitListViewController.storyboard in Resources */,
				182F46FC2449690400D1730B /* LaunchScreen.storyboard in Resources */,
				388F7AAD248A322C00A9E123 /* SettingViewController.storyboard in Resources */,
				9C227605246FAD5900DF5911 /* HabitAddViewController.storyboard in Resources */,
				38E70E0924B2108100C1721D /* RankingItemTableViewCell.xib in Resources */,
				9C910CB124A704780018E16B /* AddHabitCell.xib in Resources */,
				18F6664324611D9200499CBC /* ProfileCell.xib in Resources */,
				9C227607246FAD6A00DF5911 /* BakeryViewController.storyboard in Resources */,
				182F46FA244968C300D1730B /* SignViewController.storyboard in Resources */,
				387D124E248A1397005B0C05 /* SettingItemTableViewCell.xib in Resources */,
				185D2A202446C27D00A09E99 /* Assets.xcassets in Resources */,
			);
			runOnlyForDeploymentPostprocessing = 0;
		};
		185D2A272446C27D00A09E99 /* Resources */ = {
			isa = PBXResourcesBuildPhase;
			buildActionMask = 2147483647;
			files = (
			);
			runOnlyForDeploymentPostprocessing = 0;
		};
		185D2A322446C27E00A09E99 /* Resources */ = {
			isa = PBXResourcesBuildPhase;
			buildActionMask = 2147483647;
			files = (
			);
			runOnlyForDeploymentPostprocessing = 0;
		};
/* End PBXResourcesBuildPhase section */

/* Begin PBXShellScriptBuildPhase section */
		18CB4FC7245AB62E00FD6651 /* ShellScript */ = {
			isa = PBXShellScriptBuildPhase;
			buildActionMask = 2147483647;
			files = (
			);
			inputFileListPaths = (
			);
			inputPaths = (
			);
			outputFileListPaths = (
			);
			outputPaths = (
			);
			runOnlyForDeploymentPostprocessing = 0;
			shellPath = /bin/sh;
			shellScript = "${PODS_ROOT}/SwiftLint/swiftlint\n\n";
		};
		1F4C56EDA5D39BA66D5BFB9A /* [CP] Check Pods Manifest.lock */ = {
			isa = PBXShellScriptBuildPhase;
			buildActionMask = 2147483647;
			files = (
			);
			inputFileListPaths = (
			);
			inputPaths = (
				"${PODS_PODFILE_DIR_PATH}/Podfile.lock",
				"${PODS_ROOT}/Manifest.lock",
			);
			name = "[CP] Check Pods Manifest.lock";
			outputFileListPaths = (
			);
			outputPaths = (
				"$(DERIVED_FILE_DIR)/Pods-usoTests-checkManifestLockResult.txt",
			);
			runOnlyForDeploymentPostprocessing = 0;
			shellPath = /bin/sh;
			shellScript = "diff \"${PODS_PODFILE_DIR_PATH}/Podfile.lock\" \"${PODS_ROOT}/Manifest.lock\" > /dev/null\nif [ $? != 0 ] ; then\n    # print error to STDERR\n    echo \"error: The sandbox is not in sync with the Podfile.lock. Run 'pod install' or update your CocoaPods installation.\" >&2\n    exit 1\nfi\n# This output is used by Xcode 'outputs' to avoid re-running this script phase.\necho \"SUCCESS\" > \"${SCRIPT_OUTPUT_FILE_0}\"\n";
			showEnvVarsInLog = 0;
		};
		3172FF1142D6A9E1A214D98B /* [CP] Embed Pods Frameworks */ = {
			isa = PBXShellScriptBuildPhase;
			buildActionMask = 2147483647;
			files = (
			);
			inputFileListPaths = (
				"${PODS_ROOT}/Target Support Files/Pods-uso-usoUITests/Pods-uso-usoUITests-frameworks-${CONFIGURATION}-input-files.xcfilelist",
			);
			name = "[CP] Embed Pods Frameworks";
			outputFileListPaths = (
				"${PODS_ROOT}/Target Support Files/Pods-uso-usoUITests/Pods-uso-usoUITests-frameworks-${CONFIGURATION}-output-files.xcfilelist",
			);
			runOnlyForDeploymentPostprocessing = 0;
			shellPath = /bin/sh;
			shellScript = "\"${PODS_ROOT}/Target Support Files/Pods-uso-usoUITests/Pods-uso-usoUITests-frameworks.sh\"\n";
			showEnvVarsInLog = 0;
		};
		35483A738AD1760939F28312 /* [CP] Embed Pods Frameworks */ = {
			isa = PBXShellScriptBuildPhase;
			buildActionMask = 2147483647;
			files = (
			);
			inputFileListPaths = (
				"${PODS_ROOT}/Target Support Files/Pods-uso/Pods-uso-frameworks-${CONFIGURATION}-input-files.xcfilelist",
			);
			name = "[CP] Embed Pods Frameworks";
			outputFileListPaths = (
				"${PODS_ROOT}/Target Support Files/Pods-uso/Pods-uso-frameworks-${CONFIGURATION}-output-files.xcfilelist",
			);
			runOnlyForDeploymentPostprocessing = 0;
			shellPath = /bin/sh;
			shellScript = "\"${PODS_ROOT}/Target Support Files/Pods-uso/Pods-uso-frameworks.sh\"\n";
			showEnvVarsInLog = 0;
		};
		5DED07C5AF27411B3C7E039A /* [CP] Check Pods Manifest.lock */ = {
			isa = PBXShellScriptBuildPhase;
			buildActionMask = 2147483647;
			files = (
			);
			inputFileListPaths = (
			);
			inputPaths = (
				"${PODS_PODFILE_DIR_PATH}/Podfile.lock",
				"${PODS_ROOT}/Manifest.lock",
			);
			name = "[CP] Check Pods Manifest.lock";
			outputFileListPaths = (
			);
			outputPaths = (
				"$(DERIVED_FILE_DIR)/Pods-uso-checkManifestLockResult.txt",
			);
			runOnlyForDeploymentPostprocessing = 0;
			shellPath = /bin/sh;
			shellScript = "diff \"${PODS_PODFILE_DIR_PATH}/Podfile.lock\" \"${PODS_ROOT}/Manifest.lock\" > /dev/null\nif [ $? != 0 ] ; then\n    # print error to STDERR\n    echo \"error: The sandbox is not in sync with the Podfile.lock. Run 'pod install' or update your CocoaPods installation.\" >&2\n    exit 1\nfi\n# This output is used by Xcode 'outputs' to avoid re-running this script phase.\necho \"SUCCESS\" > \"${SCRIPT_OUTPUT_FILE_0}\"\n";
			showEnvVarsInLog = 0;
		};
		A7F547DAEF4FE74CB12BD9CF /* [CP] Copy Pods Resources */ = {
			isa = PBXShellScriptBuildPhase;
			buildActionMask = 2147483647;
			files = (
			);
			inputFileListPaths = (
				"${PODS_ROOT}/Target Support Files/Pods-uso-usoUITests/Pods-uso-usoUITests-resources-${CONFIGURATION}-input-files.xcfilelist",
			);
			name = "[CP] Copy Pods Resources";
			outputFileListPaths = (
				"${PODS_ROOT}/Target Support Files/Pods-uso-usoUITests/Pods-uso-usoUITests-resources-${CONFIGURATION}-output-files.xcfilelist",
			);
			runOnlyForDeploymentPostprocessing = 0;
			shellPath = /bin/sh;
			shellScript = "\"${PODS_ROOT}/Target Support Files/Pods-uso-usoUITests/Pods-uso-usoUITests-resources.sh\"\n";
			showEnvVarsInLog = 0;
		};
		F458A014193271AF9D400C41 /* [CP] Copy Pods Resources */ = {
			isa = PBXShellScriptBuildPhase;
			buildActionMask = 2147483647;
			files = (
			);
			inputFileListPaths = (
				"${PODS_ROOT}/Target Support Files/Pods-uso/Pods-uso-resources-${CONFIGURATION}-input-files.xcfilelist",
			);
			name = "[CP] Copy Pods Resources";
			outputFileListPaths = (
				"${PODS_ROOT}/Target Support Files/Pods-uso/Pods-uso-resources-${CONFIGURATION}-output-files.xcfilelist",
			);
			runOnlyForDeploymentPostprocessing = 0;
			shellPath = /bin/sh;
			shellScript = "\"${PODS_ROOT}/Target Support Files/Pods-uso/Pods-uso-resources.sh\"\n";
			showEnvVarsInLog = 0;
		};
		F68E1492CEB2F8AE850BC986 /* [CP] Check Pods Manifest.lock */ = {
			isa = PBXShellScriptBuildPhase;
			buildActionMask = 2147483647;
			files = (
			);
			inputFileListPaths = (
			);
			inputPaths = (
				"${PODS_PODFILE_DIR_PATH}/Podfile.lock",
				"${PODS_ROOT}/Manifest.lock",
			);
			name = "[CP] Check Pods Manifest.lock";
			outputFileListPaths = (
			);
			outputPaths = (
				"$(DERIVED_FILE_DIR)/Pods-uso-usoUITests-checkManifestLockResult.txt",
			);
			runOnlyForDeploymentPostprocessing = 0;
			shellPath = /bin/sh;
			shellScript = "diff \"${PODS_PODFILE_DIR_PATH}/Podfile.lock\" \"${PODS_ROOT}/Manifest.lock\" > /dev/null\nif [ $? != 0 ] ; then\n    # print error to STDERR\n    echo \"error: The sandbox is not in sync with the Podfile.lock. Run 'pod install' or update your CocoaPods installation.\" >&2\n    exit 1\nfi\n# This output is used by Xcode 'outputs' to avoid re-running this script phase.\necho \"SUCCESS\" > \"${SCRIPT_OUTPUT_FILE_0}\"\n";
			showEnvVarsInLog = 0;
		};
/* End PBXShellScriptBuildPhase section */

/* Begin PBXSourcesBuildPhase section */
		185D2A0F2446C27800A09E99 /* Sources */ = {
			isa = PBXSourcesBuildPhase;
			buildActionMask = 2147483647;
			files = (
				9CBAEC8624B200F400A547CF /* RankingItemTableViewCell.swift in Sources */,
				9CBAEC8524B200E800A547CF /* MyRankingTableViewCell.swift in Sources */,
				9CE11BD0247A290D00F6EAC1 /* IndicatorView.swift in Sources */,
				18404674245AD07E002C04C7 /* SignViewController.swift in Sources */,
				185D2A562446C49700A09E99 /* Repository.swift in Sources */,
				387D124A248A1397005B0C05 /* SettingItemTableViewCell.swift in Sources */,
				185D2A612446C84600A09E99 /* MainCoordinator.swift in Sources */,
				185D2A632446C86F00A09E99 /* Coordinator.swift in Sources */,
				185D2A522446C3EB00A09E99 /* RootUseCase.swift in Sources */,
				185D2A582446C50F00A09E99 /* UsoError.swift in Sources */,
				3859DDE0245D5EA400C799BF /* RankingUseCase.swift in Sources */,
				185D2A5A2446C54200A09E99 /* UIColorExtension.swift in Sources */,
				1861430524583F49007151A0 /* RankingViewModel.swift in Sources */,
				1874820C24612BC0004A40DE /* PlusButtonCell.swift in Sources */,
				388F7AA3248A29A100A9E123 /* MoyaAPI.swift in Sources */,
				18F6664224611D9200499CBC /* ProfileCell.swift in Sources */,
				18748209246129F0004A40DE /* Habit.swift in Sources */,
				185D2A172446C27800A09E99 /* AppDelegate.swift in Sources */,
				185D2A5F2446C7A900A09E99 /* ViewBindable.swift in Sources */,
				185D2A5C2446C57100A09E99 /* UsoAPI.swift in Sources */,
				9C227601246FAD3400DF5911 /* HabitAddViewController.swift in Sources */,
				3854F5CB248A447D00AD0DAF /* UserAPI.swift in Sources */,
				3854F5C9248A440B00AD0DAF /* User.swift in Sources */,
				9C2275FF246FAB3A00DF5911 /* HabitAddRepsitory.swift in Sources */,
				9CA8AD312489F61A00859CA6 /* HabitDetailViewController.swift in Sources */,
				9CE11BD2247A296F00F6EAC1 /* Constants.swift in Sources */,
				388BDAA524BDBE2200E8796E /* MySettingTableViewCell.swift in Sources */,
				9C7B4B362471429E007B21DA /* Moya+Plugin.swift in Sources */,
				388F7A9F248A292E00A9E123 /* SettingViewController.swift in Sources */,
				38A3E86224A731480097E7FA /* RankingRepository.swift in Sources */,
				18748207246129E7004A40DE /* HabitItem.swift in Sources */,
				185D2A542446C40000A09E99 /* Model.swift in Sources */,
				1882372724579DDA002C523E /* HabitListViewController.swift in Sources */,
				18F6663E24611B5400499CBC /* HabitListCell.swift in Sources */,
				185D2A502446C3E000A09E99 /* SignViewModel.swift in Sources */,
				387B599924B96F8800FDD7DC /* AddHabitAPI.swift in Sources */,
				9CA8AD2E2489F55600859CA6 /* PopUp.swift in Sources */,
				9C910CB024A704780018E16B /* AddHabitCell.swift in Sources */,
				185D2A652446C8B100A09E99 /* Storyboarded.swift in Sources */,
				9C2275FD246FAAFC00DF5911 /* BakeryRepository.swift in Sources */,
				1861430724583F54007151A0 /* SettingViewModel.swift in Sources */,
				388F7AA1248A297C00A9E123 /* Ranking.swift in Sources */,
				9CE11BD4247A2CC900F6EAC1 /* UIViewExtension.swift in Sources */,
				9C227603246FAD4400DF5911 /* BakeryViewController.swift in Sources */,
				18F666452461244400499CBC /* HabitListUseCase.swift in Sources */,
				1874820524612803004A40DE /* ResponseStatus.swift in Sources */,
				9C7B4B3124713A68007B21DA /* HabitAPI.swift in Sources */,
				38A3E86424A731A30097E7FA /* ViewModelType.swift in Sources */,
				9CBAEC8424B1FCD200A547CF /* HabitDetailViewModel.swift in Sources */,
				1861430324583F3A007151A0 /* HabitListViewModel.swift in Sources */,
				1882372524579CEE002C523E /* MainTabViewController.swift in Sources */,
				1882372B24579DFA002C523E /* RankingViewController.swift in Sources */,
				9C7B4B3424713B37007B21DA /* RankingAPI.swift in Sources */,
				388F7AA5248A2A6600A9E123 /* CALayer+Border.swift in Sources */,
			);
			runOnlyForDeploymentPostprocessing = 0;
		};
		185D2A252446C27D00A09E99 /* Sources */ = {
			isa = PBXSourcesBuildPhase;
			buildActionMask = 2147483647;
			files = (
				185F8D94244DD5A000F7BD79 /* SignViewModel.swift in Sources */,
				185D2A2E2446C27E00A09E99 /* usoTests.swift in Sources */,
				185F8D97244DD5A900F7BD79 /* RootUseCase.swift in Sources */,
			);
			runOnlyForDeploymentPostprocessing = 0;
		};
		185D2A302446C27E00A09E99 /* Sources */ = {
			isa = PBXSourcesBuildPhase;
			buildActionMask = 2147483647;
			files = (
				185F8D95244DD5A100F7BD79 /* SignViewModel.swift in Sources */,
				185D2A392446C27E00A09E99 /* UsoUITests.swift in Sources */,
				185F8D96244DD5A800F7BD79 /* RootUseCase.swift in Sources */,
			);
			runOnlyForDeploymentPostprocessing = 0;
		};
/* End PBXSourcesBuildPhase section */

/* Begin PBXTargetDependency section */
		185D2A2B2446C27D00A09E99 /* PBXTargetDependency */ = {
			isa = PBXTargetDependency;
			target = 185D2A122446C27800A09E99 /* uso */;
			targetProxy = 185D2A2A2446C27D00A09E99 /* PBXContainerItemProxy */;
		};
		185D2A362446C27E00A09E99 /* PBXTargetDependency */ = {
			isa = PBXTargetDependency;
			target = 185D2A122446C27800A09E99 /* uso */;
			targetProxy = 185D2A352446C27E00A09E99 /* PBXContainerItemProxy */;
		};
/* End PBXTargetDependency section */

/* Begin XCBuildConfiguration section */
		185D2A3B2446C27E00A09E99 /* Debug */ = {
			isa = XCBuildConfiguration;
			buildSettings = {
				ALWAYS_SEARCH_USER_PATHS = NO;
				CLANG_ANALYZER_NONNULL = YES;
				CLANG_ANALYZER_NUMBER_OBJECT_CONVERSION = YES_AGGRESSIVE;
				CLANG_CXX_LANGUAGE_STANDARD = "gnu++14";
				CLANG_CXX_LIBRARY = "libc++";
				CLANG_ENABLE_MODULES = YES;
				CLANG_ENABLE_OBJC_ARC = YES;
				CLANG_ENABLE_OBJC_WEAK = YES;
				CLANG_WARN_BLOCK_CAPTURE_AUTORELEASING = YES;
				CLANG_WARN_BOOL_CONVERSION = YES;
				CLANG_WARN_COMMA = YES;
				CLANG_WARN_CONSTANT_CONVERSION = YES;
				CLANG_WARN_DEPRECATED_OBJC_IMPLEMENTATIONS = YES;
				CLANG_WARN_DIRECT_OBJC_ISA_USAGE = YES_ERROR;
				CLANG_WARN_DOCUMENTATION_COMMENTS = YES;
				CLANG_WARN_EMPTY_BODY = YES;
				CLANG_WARN_ENUM_CONVERSION = YES;
				CLANG_WARN_INFINITE_RECURSION = YES;
				CLANG_WARN_INT_CONVERSION = YES;
				CLANG_WARN_NON_LITERAL_NULL_CONVERSION = YES;
				CLANG_WARN_OBJC_IMPLICIT_RETAIN_SELF = YES;
				CLANG_WARN_OBJC_LITERAL_CONVERSION = YES;
				CLANG_WARN_OBJC_ROOT_CLASS = YES_ERROR;
				CLANG_WARN_RANGE_LOOP_ANALYSIS = YES;
				CLANG_WARN_STRICT_PROTOTYPES = YES;
				CLANG_WARN_SUSPICIOUS_MOVE = YES;
				CLANG_WARN_UNGUARDED_AVAILABILITY = YES_AGGRESSIVE;
				CLANG_WARN_UNREACHABLE_CODE = YES;
				CLANG_WARN__DUPLICATE_METHOD_MATCH = YES;
				COPY_PHASE_STRIP = NO;
				DEBUG_INFORMATION_FORMAT = dwarf;
				ENABLE_STRICT_OBJC_MSGSEND = YES;
				ENABLE_TESTABILITY = YES;
				GCC_C_LANGUAGE_STANDARD = gnu11;
				GCC_DYNAMIC_NO_PIC = NO;
				GCC_NO_COMMON_BLOCKS = YES;
				GCC_OPTIMIZATION_LEVEL = 0;
				GCC_PREPROCESSOR_DEFINITIONS = (
					"DEBUG=1",
					"$(inherited)",
				);
				GCC_WARN_64_TO_32_BIT_CONVERSION = YES;
				GCC_WARN_ABOUT_RETURN_TYPE = YES_ERROR;
				GCC_WARN_UNDECLARED_SELECTOR = YES;
				GCC_WARN_UNINITIALIZED_AUTOS = YES_AGGRESSIVE;
				GCC_WARN_UNUSED_FUNCTION = YES;
				GCC_WARN_UNUSED_VARIABLE = YES;
				IPHONEOS_DEPLOYMENT_TARGET = 13.2;
				MTL_ENABLE_DEBUG_INFO = INCLUDE_SOURCE;
				MTL_FAST_MATH = YES;
				ONLY_ACTIVE_ARCH = YES;
				SDKROOT = iphoneos;
				SWIFT_ACTIVE_COMPILATION_CONDITIONS = DEBUG;
				SWIFT_OPTIMIZATION_LEVEL = "-Onone";
			};
			name = Debug;
		};
		185D2A3C2446C27E00A09E99 /* Release */ = {
			isa = XCBuildConfiguration;
			buildSettings = {
				ALWAYS_SEARCH_USER_PATHS = NO;
				CLANG_ANALYZER_NONNULL = YES;
				CLANG_ANALYZER_NUMBER_OBJECT_CONVERSION = YES_AGGRESSIVE;
				CLANG_CXX_LANGUAGE_STANDARD = "gnu++14";
				CLANG_CXX_LIBRARY = "libc++";
				CLANG_ENABLE_MODULES = YES;
				CLANG_ENABLE_OBJC_ARC = YES;
				CLANG_ENABLE_OBJC_WEAK = YES;
				CLANG_WARN_BLOCK_CAPTURE_AUTORELEASING = YES;
				CLANG_WARN_BOOL_CONVERSION = YES;
				CLANG_WARN_COMMA = YES;
				CLANG_WARN_CONSTANT_CONVERSION = YES;
				CLANG_WARN_DEPRECATED_OBJC_IMPLEMENTATIONS = YES;
				CLANG_WARN_DIRECT_OBJC_ISA_USAGE = YES_ERROR;
				CLANG_WARN_DOCUMENTATION_COMMENTS = YES;
				CLANG_WARN_EMPTY_BODY = YES;
				CLANG_WARN_ENUM_CONVERSION = YES;
				CLANG_WARN_INFINITE_RECURSION = YES;
				CLANG_WARN_INT_CONVERSION = YES;
				CLANG_WARN_NON_LITERAL_NULL_CONVERSION = YES;
				CLANG_WARN_OBJC_IMPLICIT_RETAIN_SELF = YES;
				CLANG_WARN_OBJC_LITERAL_CONVERSION = YES;
				CLANG_WARN_OBJC_ROOT_CLASS = YES_ERROR;
				CLANG_WARN_RANGE_LOOP_ANALYSIS = YES;
				CLANG_WARN_STRICT_PROTOTYPES = YES;
				CLANG_WARN_SUSPICIOUS_MOVE = YES;
				CLANG_WARN_UNGUARDED_AVAILABILITY = YES_AGGRESSIVE;
				CLANG_WARN_UNREACHABLE_CODE = YES;
				CLANG_WARN__DUPLICATE_METHOD_MATCH = YES;
				COPY_PHASE_STRIP = NO;
				DEBUG_INFORMATION_FORMAT = "dwarf-with-dsym";
				ENABLE_NS_ASSERTIONS = NO;
				ENABLE_STRICT_OBJC_MSGSEND = YES;
				GCC_C_LANGUAGE_STANDARD = gnu11;
				GCC_NO_COMMON_BLOCKS = YES;
				GCC_WARN_64_TO_32_BIT_CONVERSION = YES;
				GCC_WARN_ABOUT_RETURN_TYPE = YES_ERROR;
				GCC_WARN_UNDECLARED_SELECTOR = YES;
				GCC_WARN_UNINITIALIZED_AUTOS = YES_AGGRESSIVE;
				GCC_WARN_UNUSED_FUNCTION = YES;
				GCC_WARN_UNUSED_VARIABLE = YES;
				IPHONEOS_DEPLOYMENT_TARGET = 13.2;
				MTL_ENABLE_DEBUG_INFO = NO;
				MTL_FAST_MATH = YES;
				SDKROOT = iphoneos;
				SWIFT_COMPILATION_MODE = wholemodule;
				SWIFT_OPTIMIZATION_LEVEL = "-O";
				VALIDATE_PRODUCT = YES;
			};
			name = Release;
		};
		185D2A3E2446C27E00A09E99 /* Debug */ = {
			isa = XCBuildConfiguration;
			baseConfigurationReference = 0ACAA29CBA65641ACFC8B384 /* Pods-uso.debug.xcconfig */;
			buildSettings = {
				ASSETCATALOG_COMPILER_APPICON_NAME = AppIcon;
				CODE_SIGN_ENTITLEMENTS = uso/uso.entitlements;
				CODE_SIGN_IDENTITY = "Apple Development";
				CODE_SIGN_STYLE = Automatic;
				DEVELOPMENT_TEAM = MSW35G2APL;
				INFOPLIST_FILE = "$(SRCROOT)/uso/Info.plist";
				LD_RUNPATH_SEARCH_PATHS = (
					"$(inherited)",
					"@executable_path/Frameworks",
				);
				PRODUCT_BUNDLE_IDENTIFIER = com.prography.uso;
				PRODUCT_NAME = "$(TARGET_NAME)";
				PROVISIONING_PROFILE_SPECIFIER = "";
				SWIFT_VERSION = 5.0;
				TARGETED_DEVICE_FAMILY = "1,2";
			};
			name = Debug;
		};
		185D2A3F2446C27E00A09E99 /* Release */ = {
			isa = XCBuildConfiguration;
			baseConfigurationReference = C1B9A1484569FC70D301161C /* Pods-uso.release.xcconfig */;
			buildSettings = {
				ASSETCATALOG_COMPILER_APPICON_NAME = AppIcon;
				CODE_SIGN_ENTITLEMENTS = uso/uso.entitlements;
				CODE_SIGN_IDENTITY = "Apple Development";
				CODE_SIGN_STYLE = Automatic;
				DEVELOPMENT_TEAM = MSW35G2APL;
				INFOPLIST_FILE = "$(SRCROOT)/uso/Info.plist";
				LD_RUNPATH_SEARCH_PATHS = (
					"$(inherited)",
					"@executable_path/Frameworks",
				);
				PRODUCT_BUNDLE_IDENTIFIER = com.prography.uso;
				PRODUCT_NAME = "$(TARGET_NAME)";
				PROVISIONING_PROFILE_SPECIFIER = "";
				SWIFT_VERSION = 5.0;
				TARGETED_DEVICE_FAMILY = "1,2";
			};
			name = Release;
		};
		185D2A412446C27E00A09E99 /* Debug */ = {
			isa = XCBuildConfiguration;
			baseConfigurationReference = 8811C256C820F8643C061922 /* Pods-usoTests.debug.xcconfig */;
			buildSettings = {
				ALWAYS_EMBED_SWIFT_STANDARD_LIBRARIES = YES;
				BUNDLE_LOADER = "$(TEST_HOST)";
				CODE_SIGN_STYLE = Automatic;
				DEVELOPMENT_TEAM = X7AF2T5392;
				INFOPLIST_FILE = usoTests/Info.plist;
				IPHONEOS_DEPLOYMENT_TARGET = 13.2;
				LD_RUNPATH_SEARCH_PATHS = (
					"$(inherited)",
					"@executable_path/Frameworks",
					"@loader_path/Frameworks",
				);
				PRODUCT_BUNDLE_IDENTIFIER = sooyong.usoTests;
				PRODUCT_NAME = "$(TARGET_NAME)";
				SWIFT_VERSION = 5.0;
				TARGETED_DEVICE_FAMILY = "1,2";
				TEST_HOST = "$(BUILT_PRODUCTS_DIR)/uso.app/uso";
			};
			name = Debug;
		};
		185D2A422446C27E00A09E99 /* Release */ = {
			isa = XCBuildConfiguration;
			baseConfigurationReference = A0E4AD2DC9E01C5553E8C141 /* Pods-usoTests.release.xcconfig */;
			buildSettings = {
				ALWAYS_EMBED_SWIFT_STANDARD_LIBRARIES = YES;
				BUNDLE_LOADER = "$(TEST_HOST)";
				CODE_SIGN_STYLE = Automatic;
				DEVELOPMENT_TEAM = X7AF2T5392;
				INFOPLIST_FILE = usoTests/Info.plist;
				IPHONEOS_DEPLOYMENT_TARGET = 13.2;
				LD_RUNPATH_SEARCH_PATHS = (
					"$(inherited)",
					"@executable_path/Frameworks",
					"@loader_path/Frameworks",
				);
				PRODUCT_BUNDLE_IDENTIFIER = sooyong.usoTests;
				PRODUCT_NAME = "$(TARGET_NAME)";
				SWIFT_VERSION = 5.0;
				TARGETED_DEVICE_FAMILY = "1,2";
				TEST_HOST = "$(BUILT_PRODUCTS_DIR)/uso.app/uso";
			};
			name = Release;
		};
		185D2A442446C27E00A09E99 /* Debug */ = {
			isa = XCBuildConfiguration;
			baseConfigurationReference = 7440281B8358D1DB3A274291 /* Pods-uso-usoUITests.debug.xcconfig */;
			buildSettings = {
				ALWAYS_EMBED_SWIFT_STANDARD_LIBRARIES = YES;
				CODE_SIGN_STYLE = Automatic;
				DEVELOPMENT_TEAM = X7AF2T5392;
				INFOPLIST_FILE = usoUITests/Info.plist;
				LD_RUNPATH_SEARCH_PATHS = (
					"$(inherited)",
					"@executable_path/Frameworks",
					"@loader_path/Frameworks",
				);
				PRODUCT_BUNDLE_IDENTIFIER = sooyong.usoUITests;
				PRODUCT_NAME = "$(TARGET_NAME)";
				SWIFT_VERSION = 5.0;
				TARGETED_DEVICE_FAMILY = "1,2";
				TEST_TARGET_NAME = uso_ios;
			};
			name = Debug;
		};
		185D2A452446C27E00A09E99 /* Release */ = {
			isa = XCBuildConfiguration;
			baseConfigurationReference = 8D473F0558E305B2D24B9D05 /* Pods-uso-usoUITests.release.xcconfig */;
			buildSettings = {
				ALWAYS_EMBED_SWIFT_STANDARD_LIBRARIES = YES;
				CODE_SIGN_STYLE = Automatic;
				DEVELOPMENT_TEAM = X7AF2T5392;
				INFOPLIST_FILE = usoUITests/Info.plist;
				LD_RUNPATH_SEARCH_PATHS = (
					"$(inherited)",
					"@executable_path/Frameworks",
					"@loader_path/Frameworks",
				);
				PRODUCT_BUNDLE_IDENTIFIER = sooyong.usoUITests;
				PRODUCT_NAME = "$(TARGET_NAME)";
				SWIFT_VERSION = 5.0;
				TARGETED_DEVICE_FAMILY = "1,2";
				TEST_TARGET_NAME = uso_ios;
			};
			name = Release;
		};
/* End XCBuildConfiguration section */

/* Begin XCConfigurationList section */
		185D2A0E2446C27800A09E99 /* Build configuration list for PBXProject "uso" */ = {
			isa = XCConfigurationList;
			buildConfigurations = (
				185D2A3B2446C27E00A09E99 /* Debug */,
				185D2A3C2446C27E00A09E99 /* Release */,
			);
			defaultConfigurationIsVisible = 0;
			defaultConfigurationName = Release;
		};
		185D2A3D2446C27E00A09E99 /* Build configuration list for PBXNativeTarget "uso" */ = {
			isa = XCConfigurationList;
			buildConfigurations = (
				185D2A3E2446C27E00A09E99 /* Debug */,
				185D2A3F2446C27E00A09E99 /* Release */,
			);
			defaultConfigurationIsVisible = 0;
			defaultConfigurationName = Release;
		};
		185D2A402446C27E00A09E99 /* Build configuration list for PBXNativeTarget "usoTests" */ = {
			isa = XCConfigurationList;
			buildConfigurations = (
				185D2A412446C27E00A09E99 /* Debug */,
				185D2A422446C27E00A09E99 /* Release */,
			);
			defaultConfigurationIsVisible = 0;
			defaultConfigurationName = Release;
		};
		185D2A432446C27E00A09E99 /* Build configuration list for PBXNativeTarget "usoUITests" */ = {
			isa = XCConfigurationList;
			buildConfigurations = (
				185D2A442446C27E00A09E99 /* Debug */,
				185D2A452446C27E00A09E99 /* Release */,
			);
			defaultConfigurationIsVisible = 0;
			defaultConfigurationName = Release;
		};
/* End XCConfigurationList section */
	};
	rootObject = 185D2A0B2446C27800A09E99 /* Project object */;
}
